
Microsoft Visual Studio Solution File, Format Version 12.00
# Visual Studio Version 17
VisualStudioVersion = 17.0.31912.275
MinimumVisualStudioVersion = 10.0.40219.1
Project("{FAE04EC0-301F-11D3-BF4B-00C04F79EFBC}") = "Ceabs", "Ceabs.csproj", "{D92BABF8-D270-4596-B10A-11EC437AF85D}"
EndProject
Project("{FAE04EC0-301F-11D3-BF4B-00C04F79EFBC}") = "CEABS.Domain", "..\CEABS.Domain\CEABS.Domain.csproj", "{46AC3A2B-CCC0-48F0-9CE9-ADC5E57663AA}"
EndProject
Project("{FAE04EC0-301F-11D3-BF4B-00C04F79EFBC}") = "CEABS.Infrastructure", "..\CEABS.Infrastructure\CEABS.Infrastructure.csproj", "{944FCEDF-5DDD-40EE-A753-4E9B6DFAC3A0}"
EndProject
Project("{FAE04EC0-301F-11D3-BF4B-00C04F79EFBC}") = "CEABS.Service", "..\CEABS.Service\CEABS.Service.csproj", "{D10B6739-C6EE-4FD4-B71A-5FB66A217AAD}"
EndProject
Project("{FAE04EC0-301F-11D3-BF4B-00C04F79EFBC}") = "CEABS.Tests", "..\CEABS.Tests\CEABS.Tests.csproj", "{4E6B864F-4ED7-40D4-A05A-9DA83B8820E5}"
EndProject
Global
	GlobalSection(SolutionConfigurationPlatforms) = preSolution
		Debug|Any CPU = Debug|Any CPU
		Release|Any CPU = Release|Any CPU
	EndGlobalSection
	GlobalSection(ProjectConfigurationPlatforms) = postSolution
		{D92BABF8-D270-4596-B10A-11EC437AF85D}.Debug|Any CPU.ActiveCfg = Debug|Any CPU
		{D92BABF8-D270-4596-B10A-11EC437AF85D}.Debug|Any CPU.Build.0 = Debug|Any CPU
		{D92BABF8-D270-4596-B10A-11EC437AF85D}.Release|Any CPU.ActiveCfg = Release|Any CPU
		{D92BABF8-D270-4596-B10A-11EC437AF85D}.Release|Any CPU.Build.0 = Release|Any CPU
		{46AC3A2B-CCC0-48F0-9CE9-ADC5E57663AA}.Debug|Any CPU.ActiveCfg = Debug|Any CPU
		{46AC3A2B-CCC0-48F0-9CE9-ADC5E57663AA}.Debug|Any CPU.Build.0 = Debug|Any CPU
		{46AC3A2B-CCC0-48F0-9CE9-ADC5E57663AA}.Release|Any CPU.ActiveCfg = Release|Any CPU
		{46AC3A2B-CCC0-48F0-9CE9-ADC5E57663AA}.Release|Any CPU.Build.0 = Release|Any CPU
		{944FCEDF-5DDD-40EE-A753-4E9B6DFAC3A0}.Debug|Any CPU.ActiveCfg = Debug|Any CPU
		{944FCEDF-5DDD-40EE-A753-4E9B6DFAC3A0}.Debug|Any CPU.Build.0 = Debug|Any CPU
		{944FCEDF-5DDD-40EE-A753-4E9B6DFAC3A0}.Release|Any CPU.ActiveCfg = Release|Any CPU
		{944FCEDF-5DDD-40EE-A753-4E9B6DFAC3A0}.Release|Any CPU.Build.0 = Release|Any CPU
		{D10B6739-C6EE-4FD4-B71A-5FB66A217AAD}.Debug|Any CPU.ActiveCfg = Debug|Any CPU
		{D10B6739-C6EE-4FD4-B71A-5FB66A217AAD}.Debug|Any CPU.Build.0 = Debug|Any CPU
		{D10B6739-C6EE-4FD4-B71A-5FB66A217AAD}.Release|Any CPU.ActiveCfg = Release|Any CPU
		{D10B6739-C6EE-4FD4-B71A-5FB66A217AAD}.Release|Any CPU.Build.0 = Release|Any CPU
		{4E6B864F-4ED7-40D4-A05A-9DA83B8820E5}.Debug|Any CPU.ActiveCfg = Debug|Any CPU
		{4E6B864F-4ED7-40D4-A05A-9DA83B8820E5}.Debug|Any CPU.Build.0 = Debug|Any CPU
		{4E6B864F-4ED7-40D4-A05A-9DA83B8820E5}.Release|Any CPU.ActiveCfg = Release|Any CPU
		{4E6B864F-4ED7-40D4-A05A-9DA83B8820E5}.Release|Any CPU.Build.0 = Release|Any CPU
	EndGlobalSection
	GlobalSection(SolutionProperties) = preSolution
		HideSolutionNode = FALSE
	EndGlobalSection
	GlobalSection(ExtensibilityGlobals) = postSolution
		SolutionGuid = {7350C267-60E2-42C4-B695-050087405F33}
	EndGlobalSection
EndGlobal
